# This file is automatically @generated by Poetry 2.1.3 and should not be changed by hand.

[[package]]
name = "llvmlite"
version = "0.44.0"
description = "lightweight wrapper around basic LLVM functionality"
optional = false
python-versions = ">=3.10"
groups = ["main"]
files = [
    {file = "llvmlite-0.44.0-cp310-cp310-macosx_10_14_x86_64.whl", hash = "sha256:9fbadbfba8422123bab5535b293da1cf72f9f478a65645ecd73e781f962ca614"},
    {file = "llvmlite-0.44.0-cp310-cp310-macosx_11_0_arm64.whl", hash = "sha256:cccf8eb28f24840f2689fb1a45f9c0f7e582dd24e088dcf96e424834af11f791"},
    {file = "llvmlite-0.44.0-cp310-cp310-manylinux_2_17_x86_64.manylinux2014_x86_64.whl", hash = "sha256:7202b678cdf904823c764ee0fe2dfe38a76981f4c1e51715b4cb5abb6cf1d9e8"},
    {file = "llvmlite-0.44.0-cp310-cp310-manylinux_2_27_aarch64.manylinux_2_28_aarch64.whl", hash = "sha256:40526fb5e313d7b96bda4cbb2c85cd5374e04d80732dd36a282d72a560bb6408"},
    {file = "llvmlite-0.44.0-cp310-cp310-win_amd64.whl", hash = "sha256:41e3839150db4330e1b2716c0be3b5c4672525b4c9005e17c7597f835f351ce2"},
    {file = "llvmlite-0.44.0-cp311-cp311-macosx_10_14_x86_64.whl", hash = "sha256:eed7d5f29136bda63b6d7804c279e2b72e08c952b7c5df61f45db408e0ee52f3"},
    {file = "llvmlite-0.44.0-cp311-cp311-macosx_11_0_arm64.whl", hash = "sha256:ace564d9fa44bb91eb6e6d8e7754977783c68e90a471ea7ce913bff30bd62427"},
    {file = "llvmlite-0.44.0-cp311-cp311-manylinux_2_17_x86_64.manylinux2014_x86_64.whl", hash = "sha256:c5d22c3bfc842668168a786af4205ec8e3ad29fb1bc03fd11fd48460d0df64c1"},
    {file = "llvmlite-0.44.0-cp311-cp311-manylinux_2_27_aarch64.manylinux_2_28_aarch64.whl", hash = "sha256:f01a394e9c9b7b1d4e63c327b096d10f6f0ed149ef53d38a09b3749dcf8c9610"},
    {file = "llvmlite-0.44.0-cp311-cp311-win_amd64.whl", hash = "sha256:d8489634d43c20cd0ad71330dde1d5bc7b9966937a263ff1ec1cebb90dc50955"},
    {file = "llvmlite-0.44.0-cp312-cp312-macosx_10_14_x86_64.whl", hash = "sha256:1d671a56acf725bf1b531d5ef76b86660a5ab8ef19bb6a46064a705c6ca80aad"},
    {file = "llvmlite-0.44.0-cp312-cp312-macosx_11_0_arm64.whl", hash = "sha256:5f79a728e0435493611c9f405168682bb75ffd1fbe6fc360733b850c80a026db"},
    {file = "llvmlite-0.44.0-cp312-cp312-manylinux_2_17_x86_64.manylinux2014_x86_64.whl", hash = "sha256:c0143a5ef336da14deaa8ec26c5449ad5b6a2b564df82fcef4be040b9cacfea9"},
    {file = "llvmlite-0.44.0-cp312-cp312-manylinux_2_27_aarch64.manylinux_2_28_aarch64.whl", hash = "sha256:d752f89e31b66db6f8da06df8b39f9b91e78c5feea1bf9e8c1fba1d1c24c065d"},
    {file = "llvmlite-0.44.0-cp312-cp312-win_amd64.whl", hash = "sha256:eae7e2d4ca8f88f89d315b48c6b741dcb925d6a1042da694aa16ab3dd4cbd3a1"},
    {file = "llvmlite-0.44.0-cp313-cp313-macosx_10_14_x86_64.whl", hash = "sha256:319bddd44e5f71ae2689859b7203080716448a3cd1128fb144fe5c055219d516"},
    {file = "llvmlite-0.44.0-cp313-cp313-macosx_11_0_arm64.whl", hash = "sha256:9c58867118bad04a0bb22a2e0068c693719658105e40009ffe95c7000fcde88e"},
    {file = "llvmlite-0.44.0-cp313-cp313-manylinux_2_17_x86_64.manylinux2014_x86_64.whl", hash = "sha256:46224058b13c96af1365290bdfebe9a6264ae62fb79b2b55693deed11657a8bf"},
    {file = "llvmlite-0.44.0-cp313-cp313-manylinux_2_27_aarch64.manylinux_2_28_aarch64.whl", hash = "sha256:aa0097052c32bf721a4efc03bd109d335dfa57d9bffb3d4c24cc680711b8b4fc"},
    {file = "llvmlite-0.44.0-cp313-cp313-win_amd64.whl", hash = "sha256:2fb7c4f2fb86cbae6dca3db9ab203eeea0e22d73b99bc2341cdf9de93612e930"},
    {file = "llvmlite-0.44.0.tar.gz", hash = "sha256:07667d66a5d150abed9157ab6c0b9393c9356f229784a4385c02f99e94fc94d4"},
]

[[package]]
name = "parsimonious"
version = "0.10.0"
description = "(Soon to be) the fastest pure-Python PEG parser I could muster"
optional = false
python-versions = "*"
groups = ["main"]
files = [
    {file = "parsimonious-0.10.0-py3-none-any.whl", hash = "sha256:982ab435fabe86519b57f6b35610aa4e4e977e9f02a14353edf4bbc75369fc0f"},
    {file = "parsimonious-0.10.0.tar.gz", hash = "sha256:8281600da180ec8ae35427a4ab4f7b82bfec1e3d1e52f80cb60ea82b9512501c"},
]

[package.dependencies]
regex = ">=2022.3.15"

[[package]]
name = "regex"
version = "2025.7.34"
description = "Alternative regular expression module, to replace re."
optional = false
python-versions = ">=3.9"
groups = ["main"]
files = [
    {file = "regex-2025.7.34-cp310-cp310-macosx_10_9_universal2.whl", hash = "sha256:d856164d25e2b3b07b779bfed813eb4b6b6ce73c2fd818d46f47c1eb5cd79bd6"},
    {file = "regex-2025.7.34-cp310-cp310-macosx_10_9_x86_64.whl", hash = "sha256:2d15a9da5fad793e35fb7be74eec450d968e05d2e294f3e0e77ab03fa7234a83"},
    {file = "regex-2025.7.34-cp310-cp310-macosx_11_0_arm64.whl", hash = "sha256:95b4639c77d414efa93c8de14ce3f7965a94d007e068a94f9d4997bb9bd9c81f"},
    {file = "regex-2025.7.34-cp310-cp310-manylinux2014_aarch64.manylinux_2_17_aarch64.manylinux_2_28_aarch64.whl", hash = "sha256:5d7de1ceed5a5f84f342ba4a9f4ae589524adf9744b2ee61b5da884b5b659834"},
    {file = "regex-2025.7.34-cp310-cp310-manylinux2014_ppc64le.manylinux_2_17_ppc64le.manylinux_2_28_ppc64le.whl", hash = "sha256:02e5860a250cd350c4933cf376c3bc9cb28948e2c96a8bc042aee7b985cfa26f"},
    {file = "regex-2025.7.34-cp310-cp310-manylinux2014_s390x.manylinux_2_17_s390x.manylinux_2_28_s390x.whl", hash = "sha256:0a5966220b9a1a88691282b7e4350e9599cf65780ca60d914a798cb791aa1177"},
    {file = "regex-2025.7.34-cp310-cp310-manylinux2014_x86_64.manylinux_2_17_x86_64.manylinux_2_28_x86_64.whl", hash = "sha256:48fb045bbd4aab2418dc1ba2088a5e32de4bfe64e1457b948bb328a8dc2f1c2e"},
    {file = "regex-2025.7.34-cp310-cp310-manylinux2014_x86_64.manylinux_2_17_x86_64.whl", hash = "sha256:20ff8433fa45e131f7316594efe24d4679c5449c0ca69d91c2f9d21846fdf064"},
    {file = "regex-2025.7.34-cp310-cp310-musllinux_1_2_aarch64.whl", hash = "sha256:c436fd1e95c04c19039668cfb548450a37c13f051e8659f40aed426e36b3765f"},
    {file = "regex-2025.7.34-cp310-cp310-musllinux_1_2_ppc64le.whl", hash = "sha256:0b85241d3cfb9f8a13cefdfbd58a2843f208f2ed2c88181bf84e22e0c7fc066d"},
    {file = "regex-2025.7.34-cp310-cp310-musllinux_1_2_s390x.whl", hash = "sha256:075641c94126b064c65ab86e7e71fc3d63e7ff1bea1fb794f0773c97cdad3a03"},
    {file = "regex-2025.7.34-cp310-cp310-musllinux_1_2_x86_64.whl", hash = "sha256:70645cad3407d103d1dbcb4841839d2946f7d36cf38acbd40120fee1682151e5"},
    {file = "regex-2025.7.34-cp310-cp310-win32.whl", hash = "sha256:3b836eb4a95526b263c2a3359308600bd95ce7848ebd3c29af0c37c4f9627cd3"},
    {file = "regex-2025.7.34-cp310-cp310-win_amd64.whl", hash = "sha256:cbfaa401d77334613cf434f723c7e8ba585df162be76474bccc53ae4e5520b3a"},
    {file = "regex-2025.7.34-cp310-cp310-win_arm64.whl", hash = "sha256:bca11d3c38a47c621769433c47f364b44e8043e0de8e482c5968b20ab90a3986"},
    {file = "regex-2025.7.34-cp311-cp311-macosx_10_9_universal2.whl", hash = "sha256:da304313761b8500b8e175eb2040c4394a875837d5635f6256d6fa0377ad32c8"},
    {file = "regex-2025.7.34-cp311-cp311-macosx_10_9_x86_64.whl", hash = "sha256:35e43ebf5b18cd751ea81455b19acfdec402e82fe0dc6143edfae4c5c4b3909a"},
    {file = "regex-2025.7.34-cp311-cp311-macosx_11_0_arm64.whl", hash = "sha256:96bbae4c616726f4661fe7bcad5952e10d25d3c51ddc388189d8864fbc1b3c68"},
    {file = "regex-2025.7.34-cp311-cp311-manylinux2014_aarch64.manylinux_2_17_aarch64.manylinux_2_28_aarch64.whl", hash = "sha256:9feab78a1ffa4f2b1e27b1bcdaad36f48c2fed4870264ce32f52a393db093c78"},
    {file = "regex-2025.7.34-cp311-cp311-manylinux2014_ppc64le.manylinux_2_17_ppc64le.manylinux_2_28_ppc64le.whl", hash = "sha256:f14b36e6d4d07f1a5060f28ef3b3561c5d95eb0651741474ce4c0a4c56ba8719"},
    {file = "regex-2025.7.34-cp311-cp311-manylinux2014_s390x.manylinux_2_17_s390x.manylinux_2_28_s390x.whl", hash = "sha256:85c3a958ef8b3d5079c763477e1f09e89d13ad22198a37e9d7b26b4b17438b33"},
    {file = "regex-2025.7.34-cp311-cp311-manylinux2014_x86_64.manylinux_2_17_x86_64.manylinux_2_28_x86_64.whl", hash = "sha256:37555e4ae0b93358fa7c2d240a4291d4a4227cc7c607d8f85596cdb08ec0a083"},
    {file = "regex-2025.7.34-cp311-cp311-musllinux_1_2_aarch64.whl", hash = "sha256:ee38926f31f1aa61b0232a3a11b83461f7807661c062df9eb88769d86e6195c3"},
    {file = "regex-2025.7.34-cp311-cp311-musllinux_1_2_ppc64le.whl", hash = "sha256:a664291c31cae9c4a30589bd8bc2ebb56ef880c9c6264cb7643633831e606a4d"},
    {file = "regex-2025.7.34-cp311-cp311-musllinux_1_2_s390x.whl", hash = "sha256:f3e5c1e0925e77ec46ddc736b756a6da50d4df4ee3f69536ffb2373460e2dafd"},
    {file = "regex-2025.7.34-cp311-cp311-musllinux_1_2_x86_64.whl", hash = "sha256:d428fc7731dcbb4e2ffe43aeb8f90775ad155e7db4347a639768bc6cd2df881a"},
    {file = "regex-2025.7.34-cp311-cp311-win32.whl", hash = "sha256:e154a7ee7fa18333ad90b20e16ef84daaeac61877c8ef942ec8dfa50dc38b7a1"},
    {file = "regex-2025.7.34-cp311-cp311-win_amd64.whl", hash = "sha256:24257953d5c1d6d3c129ab03414c07fc1a47833c9165d49b954190b2b7f21a1a"},
    {file = "regex-2025.7.34-cp311-cp311-win_arm64.whl", hash = "sha256:3157aa512b9e606586900888cd469a444f9b898ecb7f8931996cb715f77477f0"},
    {file = "regex-2025.7.34-cp312-cp312-macosx_10_13_universal2.whl", hash = "sha256:7f7211a746aced993bef487de69307a38c5ddd79257d7be83f7b202cb59ddb50"},
    {file = "regex-2025.7.34-cp312-cp312-macosx_10_13_x86_64.whl", hash = "sha256:fb31080f2bd0681484b275461b202b5ad182f52c9ec606052020fe13eb13a72f"},
    {file = "regex-2025.7.34-cp312-cp312-macosx_11_0_arm64.whl", hash = "sha256:0200a5150c4cf61e407038f4b4d5cdad13e86345dac29ff9dab3d75d905cf130"},
    {file = "regex-2025.7.34-cp312-cp312-manylinux2014_aarch64.manylinux_2_17_aarch64.manylinux_2_28_aarch64.whl", hash = "sha256:739a74970e736df0773788377969c9fea3876c2fc13d0563f98e5503e5185f46"},
    {file = "regex-2025.7.34-cp312-cp312-manylinux2014_ppc64le.manylinux_2_17_ppc64le.manylinux_2_28_ppc64le.whl", hash = "sha256:4fef81b2f7ea6a2029161ed6dea9ae13834c28eb5a95b8771828194a026621e4"},
    {file = "regex-2025.7.34-cp312-cp312-manylinux2014_s390x.manylinux_2_17_s390x.manylinux_2_28_s390x.whl", hash = "sha256:ea74cf81fe61a7e9d77989050d0089a927ab758c29dac4e8e1b6c06fccf3ebf0"},
    {file = "regex-2025.7.34-cp312-cp312-manylinux2014_x86_64.manylinux_2_17_x86_64.manylinux_2_28_x86_64.whl", hash = "sha256:e4636a7f3b65a5f340ed9ddf53585c42e3ff37101d383ed321bfe5660481744b"},
    {file = "regex-2025.7.34-cp312-cp312-musllinux_1_2_aarch64.whl", hash = "sha256:6cef962d7834437fe8d3da6f9bfc6f93f20f218266dcefec0560ed7765f5fe01"},
    {file = "regex-2025.7.34-cp312-cp312-musllinux_1_2_ppc64le.whl", hash = "sha256:cbe1698e5b80298dbce8df4d8d1182279fbdaf1044e864cbc9d53c20e4a2be77"},
    {file = "regex-2025.7.34-cp312-cp312-musllinux_1_2_s390x.whl", hash = "sha256:32b9f9bcf0f605eb094b08e8da72e44badabb63dde6b83bd530580b488d1c6da"},
    {file = "regex-2025.7.34-cp312-cp312-musllinux_1_2_x86_64.whl", hash = "sha256:524c868ba527eab4e8744a9287809579f54ae8c62fbf07d62aacd89f6026b282"},
    {file = "regex-2025.7.34-cp312-cp312-win32.whl", hash = "sha256:d600e58ee6d036081c89696d2bdd55d507498a7180df2e19945c6642fac59588"},
    {file = "regex-2025.7.34-cp312-cp312-win_amd64.whl", hash = "sha256:9a9ab52a466a9b4b91564437b36417b76033e8778e5af8f36be835d8cb370d62"},
    {file = "regex-2025.7.34-cp312-cp312-win_arm64.whl", hash = "sha256:c83aec91af9c6fbf7c743274fd952272403ad9a9db05fe9bfc9df8d12b45f176"},
    {file = "regex-2025.7.34-cp313-cp313-macosx_10_13_universal2.whl", hash = "sha256:c3c9740a77aeef3f5e3aaab92403946a8d34437db930a0280e7e81ddcada61f5"},
    {file = "regex-2025.7.34-cp313-cp313-macosx_10_13_x86_64.whl", hash = "sha256:69ed3bc611540f2ea70a4080f853741ec698be556b1df404599f8724690edbcd"},
    {file = "regex-2025.7.34-cp313-cp313-macosx_11_0_arm64.whl", hash = "sha256:d03c6f9dcd562c56527c42b8530aad93193e0b3254a588be1f2ed378cdfdea1b"},
    {file = "regex-2025.7.34-cp313-cp313-manylinux2014_aarch64.manylinux_2_17_aarch64.manylinux_2_28_aarch64.whl", hash = "sha256:6164b1d99dee1dfad33f301f174d8139d4368a9fb50bf0a3603b2eaf579963ad"},
    {file = "regex-2025.7.34-cp313-cp313-manylinux2014_ppc64le.manylinux_2_17_ppc64le.manylinux_2_28_ppc64le.whl", hash = "sha256:1e4f4f62599b8142362f164ce776f19d79bdd21273e86920a7b604a4275b4f59"},
    {file = "regex-2025.7.34-cp313-cp313-manylinux2014_s390x.manylinux_2_17_s390x.manylinux_2_28_s390x.whl", hash = "sha256:72a26dcc6a59c057b292f39d41465d8233a10fd69121fa24f8f43ec6294e5415"},
    {file = "regex-2025.7.34-cp313-cp313-manylinux2014_x86_64.manylinux_2_17_x86_64.manylinux_2_28_x86_64.whl", hash = "sha256:d5273fddf7a3e602695c92716c420c377599ed3c853ea669c1fe26218867002f"},
    {file = "regex-2025.7.34-cp313-cp313-musllinux_1_2_aarch64.whl", hash = "sha256:c1844be23cd40135b3a5a4dd298e1e0c0cb36757364dd6cdc6025770363e06c1"},
    {file = "regex-2025.7.34-cp313-cp313-musllinux_1_2_ppc64le.whl", hash = "sha256:dde35e2afbbe2272f8abee3b9fe6772d9b5a07d82607b5788e8508974059925c"},
    {file = "regex-2025.7.34-cp313-cp313-musllinux_1_2_s390x.whl", hash = "sha256:f3f6e8e7af516a7549412ce57613e859c3be27d55341a894aacaa11703a4c31a"},
    {file = "regex-2025.7.34-cp313-cp313-musllinux_1_2_x86_64.whl", hash = "sha256:469142fb94a869beb25b5f18ea87646d21def10fbacb0bcb749224f3509476f0"},
    {file = "regex-2025.7.34-cp313-cp313-win32.whl", hash = "sha256:da7507d083ee33ccea1310447410c27ca11fb9ef18c95899ca57ff60a7e4d8f1"},
    {file = "regex-2025.7.34-cp313-cp313-win_amd64.whl", hash = "sha256:9d644de5520441e5f7e2db63aec2748948cc39ed4d7a87fd5db578ea4043d997"},
    {file = "regex-2025.7.34-cp313-cp313-win_arm64.whl", hash = "sha256:7bf1c5503a9f2cbd2f52d7e260acb3131b07b6273c470abb78568174fe6bde3f"},
    {file = "regex-2025.7.34-cp314-cp314-macosx_10_13_universal2.whl", hash = "sha256:8283afe7042d8270cecf27cca558873168e771183d4d593e3c5fe5f12402212a"},
    {file = "regex-2025.7.34-cp314-cp314-macosx_10_13_x86_64.whl", hash = "sha256:6c053f9647e3421dd2f5dff8172eb7b4eec129df9d1d2f7133a4386319b47435"},
    {file = "regex-2025.7.34-cp314-cp314-macosx_11_0_arm64.whl", hash = "sha256:a16dd56bbcb7d10e62861c3cd000290ddff28ea142ffb5eb3470f183628011ac"},
    {file = "regex-2025.7.34-cp314-cp314-manylinux2014_aarch64.manylinux_2_17_aarch64.manylinux_2_28_aarch64.whl", hash = "sha256:69c593ff5a24c0d5c1112b0df9b09eae42b33c014bdca7022d6523b210b69f72"},
    {file = "regex-2025.7.34-cp314-cp314-manylinux2014_ppc64le.manylinux_2_17_ppc64le.manylinux_2_28_ppc64le.whl", hash = "sha256:98d0ce170fcde1a03b5df19c5650db22ab58af375aaa6ff07978a85c9f250f0e"},
    {file = "regex-2025.7.34-cp314-cp314-manylinux2014_s390x.manylinux_2_17_s390x.manylinux_2_28_s390x.whl", hash = "sha256:d72765a4bff8c43711d5b0f5b452991a9947853dfa471972169b3cc0ba1d0751"},
    {file = "regex-2025.7.34-cp314-cp314-manylinux2014_x86_64.manylinux_2_17_x86_64.manylinux_2_28_x86_64.whl", hash = "sha256:4494f8fd95a77eb434039ad8460e64d57baa0434f1395b7da44015bef650d0e4"},
    {file = "regex-2025.7.34-cp314-cp314-musllinux_1_2_aarch64.whl", hash = "sha256:4f42b522259c66e918a0121a12429b2abcf696c6f967fa37bdc7b72e61469f98"},
    {file = "regex-2025.7.34-cp314-cp314-musllinux_1_2_ppc64le.whl", hash = "sha256:aaef1f056d96a0a5d53ad47d019d5b4c66fe4be2da87016e0d43b7242599ffc7"},
    {file = "regex-2025.7.34-cp314-cp314-musllinux_1_2_s390x.whl", hash = "sha256:656433e5b7dccc9bc0da6312da8eb897b81f5e560321ec413500e5367fcd5d47"},
    {file = "regex-2025.7.34-cp314-cp314-musllinux_1_2_x86_64.whl", hash = "sha256:e91eb2c62c39705e17b4d42d4b86c4e86c884c0d15d9c5a47d0835f8387add8e"},
    {file = "regex-2025.7.34-cp314-cp314-win32.whl", hash = "sha256:f978ddfb6216028c8f1d6b0f7ef779949498b64117fc35a939022f67f810bdcb"},
    {file = "regex-2025.7.34-cp314-cp314-win_amd64.whl", hash = "sha256:4b7dc33b9b48fb37ead12ffc7bdb846ac72f99a80373c4da48f64b373a7abeae"},
    {file = "regex-2025.7.34-cp314-cp314-win_arm64.whl", hash = "sha256:4b8c4d39f451e64809912c82392933d80fe2e4a87eeef8859fcc5380d0173c64"},
    {file = "regex-2025.7.34-cp39-cp39-macosx_10_9_universal2.whl", hash = "sha256:fd5edc3f453de727af267c7909d083e19f6426fc9dd149e332b6034f2a5611e6"},
    {file = "regex-2025.7.34-cp39-cp39-macosx_10_9_x86_64.whl", hash = "sha256:fa1cdfb8db96ef20137de5587954c812821966c3e8b48ffc871e22d7ec0a4938"},
    {file = "regex-2025.7.34-cp39-cp39-macosx_11_0_arm64.whl", hash = "sha256:89c9504fc96268e8e74b0283e548f53a80c421182a2007e3365805b74ceef936"},
    {file = "regex-2025.7.34-cp39-cp39-manylinux2014_aarch64.manylinux_2_17_aarch64.manylinux_2_28_aarch64.whl", hash = "sha256:33be70d75fa05a904ee0dc43b650844e067d14c849df7e82ad673541cd465b5f"},
    {file = "regex-2025.7.34-cp39-cp39-manylinux2014_ppc64le.manylinux_2_17_ppc64le.manylinux_2_28_ppc64le.whl", hash = "sha256:57d25b6732ea93eeb1d090e8399b6235ca84a651b52d52d272ed37d3d2efa0f1"},
    {file = "regex-2025.7.34-cp39-cp39-manylinux2014_s390x.manylinux_2_17_s390x.manylinux_2_28_s390x.whl", hash = "sha256:baf2fe122a3db1c0b9f161aa44463d8f7e33eeeda47bb0309923deb743a18276"},
    {file = "regex-2025.7.34-cp39-cp39-manylinux2014_x86_64.manylinux_2_17_x86_64.manylinux_2_28_x86_64.whl", hash = "sha256:1a764a83128af9c1a54be81485b34dca488cbcacefe1e1d543ef11fbace191e1"},
    {file = "regex-2025.7.34-cp39-cp39-manylinux2014_x86_64.manylinux_2_17_x86_64.whl", hash = "sha256:c7f663ccc4093877f55b51477522abd7299a14c5bb7626c5238599db6a0cb95d"},
    {file = "regex-2025.7.34-cp39-cp39-musllinux_1_2_aarch64.whl", hash = "sha256:4913f52fbc7a744aaebf53acd8d3dc1b519e46ba481d4d7596de3c862e011ada"},
    {file = "regex-2025.7.34-cp39-cp39-musllinux_1_2_ppc64le.whl", hash = "sha256:efac4db9e044d47fd3b6b0d40b6708f4dfa2d8131a5ac1d604064147c0f552fd"},
    {file = "regex-2025.7.34-cp39-cp39-musllinux_1_2_s390x.whl", hash = "sha256:7373afae7cfb716e3b8e15d0184510d518f9d21471f2d62918dbece85f2c588f"},
    {file = "regex-2025.7.34-cp39-cp39-musllinux_1_2_x86_64.whl", hash = "sha256:9960d162f3fecf6af252534a1ae337e9c2e20d74469fed782903b24e2cc9d3d7"},
    {file = "regex-2025.7.34-cp39-cp39-win32.whl", hash = "sha256:95d538b10eb4621350a54bf14600cc80b514211d91a019dc74b8e23d2159ace5"},
    {file = "regex-2025.7.34-cp39-cp39-win_amd64.whl", hash = "sha256:f7f3071b5faa605b0ea51ec4bb3ea7257277446b053f4fd3ad02b1dcb4e64353"},
    {file = "regex-2025.7.34-cp39-cp39-win_arm64.whl", hash = "sha256:716a47515ba1d03f8e8a61c5013041c8c90f2e21f055203498105d7571b44531"},
    {file = "regex-2025.7.34.tar.gz", hash = "sha256:9ead9765217afd04a86822dfcd4ed2747dfe426e887da413b15ff0ac2457e21a"},
]

[[package]]
name = "svgwrite"
version = "1.4.3"
description = "A Python library to create SVG drawings."
optional = false
python-versions = ">=3.6"
groups = ["main"]
files = [
    {file = "svgwrite-1.4.3-py3-none-any.whl", hash = "sha256:bb6b2b5450f1edbfa597d924f9ac2dd099e625562e492021d7dd614f65f8a22d"},
    {file = "svgwrite-1.4.3.zip", hash = "sha256:a8fbdfd4443302a6619a7f76bc937fc683daf2628d9b737c891ec08b8ce524c3"},
]

[metadata]
lock-version = "2.1"
python-versions = ">=3.12"
content-hash = "08c45f4dd87d8cf5182f05f6e9a29fc6d29de5e617056b39a132949c8c748800"
